
Microsoft Visual Studio Solution File, Format Version 12.00
# Visual Studio Version 17
VisualStudioVersion = 17.8.34601.278
MinimumVisualStudioVersion = 10.0.40219.1
Project("{FAE04EC0-301F-11D3-BF4B-00C04F79EFBC}") = "Server", "Server\Server.csproj", "{8A5D82B9-1BB9-49A5-8125-C88E7F6902EE}"
EndProject
Global
	GlobalSection(SolutionConfigurationPlatforms) = preSolution
		Debug|Any CPU = Debug|Any CPU
		Release|Any CPU = Release|Any CPU
	EndGlobalSection
	GlobalSection(ProjectConfigurationPlatforms) = postSolution
		{8A5D82B9-1BB9-49A5-8125-C88E7F6902EE}.Debug|Any CPU.ActiveCfg = Debug|Any CPU
		{8A5D82B9-1BB9-49A5-8125-C88E7F6902EE}.Debug|Any CPU.Build.0 = Debug|Any CPU
		{8A5D82B9-1BB9-49A5-8125-C88E7F6902EE}.Release|Any CPU.ActiveCfg = Release|Any CPU
		{8A5D82B9-1BB9-49A5-8125-C88E7F6902EE}.Release|Any CPU.Build.0 = Release|Any CPU
	EndGlobalSection
	GlobalSection(SolutionProperties) = preSolution
		HideSolutionNode = FALSE
	EndGlobalSection
	GlobalSection(ExtensibilityGlobals) = postSolution
		SolutionGuid = {32BE878A-D7D4-4C4B-8E8B-7AA27BF0EBEA}
	EndGlobalSection
EndGlobal
